// !$*UTF8*$!
{
	archiveVersion = 1;
	classes = {
	};
	objectVersion = 46;
	objects = {

/* Begin PBXBuildFile section */
		0AF5912C1B421574007D51E7 /* AudioViewController.m in Sources */ = {isa = PBXBuildFile; fileRef = 0AF591291B421574007D51E7 /* AudioViewController.m */; };
		0AF5912D1B421574007D51E7 /* AudioViewController.xib in Resources */ = {isa = PBXBuildFile; fileRef = 0AF5912B1B421574007D51E7 /* AudioViewController.xib */; };
		E47948041B41C7EA00B41DA9 /* main.m in Sources */ = {isa = PBXBuildFile; fileRef = E47948031B41C7EA00B41DA9 /* main.m */; };
		E47948071B41C7EA00B41DA9 /* AppDelegate.m in Sources */ = {isa = PBXBuildFile; fileRef = E47948061B41C7EA00B41DA9 /* AppDelegate.m */; };
		E479480A1B41C7EA00B41DA9 /* ViewController.m in Sources */ = {isa = PBXBuildFile; fileRef = E47948091B41C7EA00B41DA9 /* ViewController.m */; };
		E479480D1B41C7EA00B41DA9 /* Main.storyboard in Resources */ = {isa = PBXBuildFile; fileRef = E479480B1B41C7EA00B41DA9 /* Main.storyboard */; };
		E479480F1B41C7EA00B41DA9 /* Images.xcassets in Resources */ = {isa = PBXBuildFile; fileRef = E479480E1B41C7EA00B41DA9 /* Images.xcassets */; };
		E47948121B41C7EA00B41DA9 /* LaunchScreen.xib in Resources */ = {isa = PBXBuildFile; fileRef = E47948101B41C7EA00B41DA9 /* LaunchScreen.xib */; };
		E479481E1B41C7EA00B41DA9 /* Contac_Tests.m in Sources */ = {isa = PBXBuildFile; fileRef = E479481D1B41C7EA00B41DA9 /* Contac_Tests.m */; };
		E479482A1B41C88000B41DA9 /* ContactPageViewController.m in Sources */ = {isa = PBXBuildFile; fileRef = E47948281B41C88000B41DA9 /* ContactPageViewController.m */; };
		E479482B1B41C88000B41DA9 /* ContactPageViewController.xib in Resources */ = {isa = PBXBuildFile; fileRef = E47948291B41C88000B41DA9 /* ContactPageViewController.xib */; };
		E47948341B42003000B41DA9 /* CustomCamera.m in Sources */ = {isa = PBXBuildFile; fileRef = E47948331B42003000B41DA9 /* CustomCamera.m */; };
		E479483A1B42043600B41DA9 /* CustomCameraViewController.m in Sources */ = {isa = PBXBuildFile; fileRef = E47948391B42043600B41DA9 /* CustomCameraViewController.m */; };
		E479483C1B42068400B41DA9 /* back.png in Resources */ = {isa = PBXBuildFile; fileRef = E479483B1B42068400B41DA9 /* back.png */; };
		E47948401B4211E300B41DA9 /* overlay.png in Resources */ = {isa = PBXBuildFile; fileRef = E479483F1B4211E300B41DA9 /* overlay.png */; };
		E47992FC1B42FDC7003F3B4C /* SecretScreenViewController.m in Sources */ = {isa = PBXBuildFile; fileRef = E47992F11B42FDC7003F3B4C /* SecretScreenViewController.m */; };
		E47992FD1B42FDC7003F3B4C /* SecretScreenViewController.xib in Resources */ = {isa = PBXBuildFile; fileRef = E47992F21B42FDC7003F3B4C /* SecretScreenViewController.xib */; };
		E47992FE1B42FDC7003F3B4C /* WebViewController.m in Sources */ = {isa = PBXBuildFile; fileRef = E47992F41B42FDC7003F3B4C /* WebViewController.m */; };
		E47992FF1B42FDC7003F3B4C /* WebViewController.xib in Resources */ = {isa = PBXBuildFile; fileRef = E47992F51B42FDC7003F3B4C /* WebViewController.xib */; };
		E47993001B42FDC7003F3B4C /* Item.m in Sources */ = {isa = PBXBuildFile; fileRef = E47992F71B42FDC7003F3B4C /* Item.m */; };
		E47993011B42FDC7003F3B4C /* Person.m in Sources */ = {isa = PBXBuildFile; fileRef = E47992F91B42FDC7003F3B4C /* Person.m */; };
		E47993021B42FDC7003F3B4C /* PersonStore.m in Sources */ = {isa = PBXBuildFile; fileRef = E47992FB1B42FDC7003F3B4C /* PersonStore.m */; };
		E47993061B4302A6003F3B4C /* APPViewController.m in Sources */ = {isa = PBXBuildFile; fileRef = E47993041B4302A6003F3B4C /* APPViewController.m */; };
		E47993071B4302A6003F3B4C /* APPViewController.xib in Resources */ = {isa = PBXBuildFile; fileRef = E47993051B4302A6003F3B4C /* APPViewController.xib */; };
		E4C451721B421BC300196EBE /* AVFoundation.framework in Frameworks */ = {isa = PBXBuildFile; fileRef = E4C451711B421BC300196EBE /* AVFoundation.framework */; };
		E4C451741B4226DC00196EBE /* icon.png in Resources */ = {isa = PBXBuildFile; fileRef = E4C451731B4226DC00196EBE /* icon.png */; };
/* End PBXBuildFile section */

/* Begin PBXContainerItemProxy section */
		E47948181B41C7EA00B41DA9 /* PBXContainerItemProxy */ = {
			isa = PBXContainerItemProxy;
			containerPortal = E47947F61B41C7EA00B41DA9 /* Project object */;
			proxyType = 1;
			remoteGlobalIDString = E47947FD1B41C7EA00B41DA9;
			remoteInfo = "Contac+";
		};
/* End PBXContainerItemProxy section */

/* Begin PBXFileReference section */
		0AF591291B421574007D51E7 /* AudioViewController.m */ = {isa = PBXFileReference; fileEncoding = 4; lastKnownFileType = sourcecode.c.objc; path = AudioViewController.m; sourceTree = "<group>"; };
		0AF5912A1B421574007D51E7 /* AudioViewController.h */ = {isa = PBXFileReference; fileEncoding = 4; lastKnownFileType = sourcecode.c.h; path = AudioViewController.h; sourceTree = "<group>"; };
		0AF5912B1B421574007D51E7 /* AudioViewController.xib */ = {isa = PBXFileReference; fileEncoding = 4; lastKnownFileType = file.xib; path = AudioViewController.xib; sourceTree = "<group>"; };
		E47947FE1B41C7EA00B41DA9 /* Contac+.app */ = {isa = PBXFileReference; explicitFileType = wrapper.application; includeInIndex = 0; path = "Contac+.app"; sourceTree = BUILT_PRODUCTS_DIR; };
		E47948021B41C7EA00B41DA9 /* Info.plist */ = {isa = PBXFileReference; lastKnownFileType = text.plist.xml; path = Info.plist; sourceTree = "<group>"; };
		E47948031B41C7EA00B41DA9 /* main.m */ = {isa = PBXFileReference; lastKnownFileType = sourcecode.c.objc; path = main.m; sourceTree = "<group>"; };
		E47948051B41C7EA00B41DA9 /* AppDelegate.h */ = {isa = PBXFileReference; lastKnownFileType = sourcecode.c.h; path = AppDelegate.h; sourceTree = "<group>"; };
		E47948061B41C7EA00B41DA9 /* AppDelegate.m */ = {isa = PBXFileReference; lastKnownFileType = sourcecode.c.objc; path = AppDelegate.m; sourceTree = "<group>"; };
		E47948081B41C7EA00B41DA9 /* ViewController.h */ = {isa = PBXFileReference; lastKnownFileType = sourcecode.c.h; path = ViewController.h; sourceTree = "<group>"; };
		E47948091B41C7EA00B41DA9 /* ViewController.m */ = {isa = PBXFileReference; lastKnownFileType = sourcecode.c.objc; path = ViewController.m; sourceTree = "<group>"; };
		E479480C1B41C7EA00B41DA9 /* Base */ = {isa = PBXFileReference; lastKnownFileType = file.storyboard; name = Base; path = Base.lproj/Main.storyboard; sourceTree = "<group>"; };
		E479480E1B41C7EA00B41DA9 /* Images.xcassets */ = {isa = PBXFileReference; lastKnownFileType = folder.assetcatalog; path = Images.xcassets; sourceTree = "<group>"; };
		E47948111B41C7EA00B41DA9 /* Base */ = {isa = PBXFileReference; lastKnownFileType = file.xib; name = Base; path = Base.lproj/LaunchScreen.xib; sourceTree = "<group>"; };
		E47948171B41C7EA00B41DA9 /* Contac+Tests.xctest */ = {isa = PBXFileReference; explicitFileType = wrapper.cfbundle; includeInIndex = 0; path = "Contac+Tests.xctest"; sourceTree = BUILT_PRODUCTS_DIR; };
		E479481C1B41C7EA00B41DA9 /* Info.plist */ = {isa = PBXFileReference; lastKnownFileType = text.plist.xml; path = Info.plist; sourceTree = "<group>"; };
		E479481D1B41C7EA00B41DA9 /* Contac_Tests.m */ = {isa = PBXFileReference; lastKnownFileType = sourcecode.c.objc; path = Contac_Tests.m; sourceTree = "<group>"; };
		E47948271B41C88000B41DA9 /* ContactPageViewController.h */ = {isa = PBXFileReference; fileEncoding = 4; lastKnownFileType = sourcecode.c.h; path = ContactPageViewController.h; sourceTree = "<group>"; };
		E47948281B41C88000B41DA9 /* ContactPageViewController.m */ = {isa = PBXFileReference; fileEncoding = 4; lastKnownFileType = sourcecode.c.objc; path = ContactPageViewController.m; sourceTree = "<group>"; };
		E47948291B41C88000B41DA9 /* ContactPageViewController.xib */ = {isa = PBXFileReference; fileEncoding = 4; lastKnownFileType = file.xib; path = ContactPageViewController.xib; sourceTree = "<group>"; };
		E47948321B42003000B41DA9 /* CustomCamera.h */ = {isa = PBXFileReference; fileEncoding = 4; lastKnownFileType = sourcecode.c.h; path = CustomCamera.h; sourceTree = "<group>"; };
		E47948331B42003000B41DA9 /* CustomCamera.m */ = {isa = PBXFileReference; fileEncoding = 4; lastKnownFileType = sourcecode.c.objc; path = CustomCamera.m; sourceTree = "<group>"; };
		E47948381B42043600B41DA9 /* CustomCameraViewController.h */ = {isa = PBXFileReference; fileEncoding = 4; lastKnownFileType = sourcecode.c.h; path = CustomCameraViewController.h; sourceTree = "<group>"; };
		E47948391B42043600B41DA9 /* CustomCameraViewController.m */ = {isa = PBXFileReference; fileEncoding = 4; lastKnownFileType = sourcecode.c.objc; path = CustomCameraViewController.m; sourceTree = "<group>"; };
		E479483B1B42068400B41DA9 /* back.png */ = {isa = PBXFileReference; lastKnownFileType = image.png; path = back.png; sourceTree = "<group>"; };
		E479483F1B4211E300B41DA9 /* overlay.png */ = {isa = PBXFileReference; lastKnownFileType = image.png; path = overlay.png; sourceTree = "<group>"; };
		E47992F01B42FDC7003F3B4C /* SecretScreenViewController.h */ = {isa = PBXFileReference; fileEncoding = 4; lastKnownFileType = sourcecode.c.h; path = SecretScreenViewController.h; sourceTree = "<group>"; };
		E47992F11B42FDC7003F3B4C /* SecretScreenViewController.m */ = {isa = PBXFileReference; fileEncoding = 4; lastKnownFileType = sourcecode.c.objc; path = SecretScreenViewController.m; sourceTree = "<group>"; };
		E47992F21B42FDC7003F3B4C /* SecretScreenViewController.xib */ = {isa = PBXFileReference; fileEncoding = 4; lastKnownFileType = file.xib; path = SecretScreenViewController.xib; sourceTree = "<group>"; };
		E47992F31B42FDC7003F3B4C /* WebViewController.h */ = {isa = PBXFileReference; fileEncoding = 4; lastKnownFileType = sourcecode.c.h; path = WebViewController.h; sourceTree = "<group>"; };
		E47992F41B42FDC7003F3B4C /* WebViewController.m */ = {isa = PBXFileReference; fileEncoding = 4; lastKnownFileType = sourcecode.c.objc; path = WebViewController.m; sourceTree = "<group>"; };
		E47992F51B42FDC7003F3B4C /* WebViewController.xib */ = {isa = PBXFileReference; fileEncoding = 4; lastKnownFileType = file.xib; path = WebViewController.xib; sourceTree = "<group>"; };
		E47992F61B42FDC7003F3B4C /* Item.h */ = {isa = PBXFileReference; fileEncoding = 4; lastKnownFileType = sourcecode.c.h; path = Item.h; sourceTree = "<group>"; };
		E47992F71B42FDC7003F3B4C /* Item.m */ = {isa = PBXFileReference; fileEncoding = 4; lastKnownFileType = sourcecode.c.objc; path = Item.m; sourceTree = "<group>"; };
		E47992F81B42FDC7003F3B4C /* Person.h */ = {isa = PBXFileReference; fileEncoding = 4; lastKnownFileType = sourcecode.c.h; path = Person.h; sourceTree = "<group>"; };
		E47992F91B42FDC7003F3B4C /* Person.m */ = {isa = PBXFileReference; fileEncoding = 4; lastKnownFileType = sourcecode.c.objc; path = Person.m; sourceTree = "<group>"; };
		E47992FA1B42FDC7003F3B4C /* PersonStore.h */ = {isa = PBXFileReference; fileEncoding = 4; lastKnownFileType = sourcecode.c.h; path = PersonStore.h; sourceTree = "<group>"; };
		E47992FB1B42FDC7003F3B4C /* PersonStore.m */ = {isa = PBXFileReference; fileEncoding = 4; lastKnownFileType = sourcecode.c.objc; path = PersonStore.m; sourceTree = "<group>"; };
		E47993031B4302A6003F3B4C /* APPViewController.h */ = {isa = PBXFileReference; fileEncoding = 4; lastKnownFileType = sourcecode.c.h; path = APPViewController.h; sourceTree = "<group>"; };
		E47993041B4302A6003F3B4C /* APPViewController.m */ = {isa = PBXFileReference; fileEncoding = 4; lastKnownFileType = sourcecode.c.objc; path = APPViewController.m; sourceTree = "<group>"; };
		E47993051B4302A6003F3B4C /* APPViewController.xib */ = {isa = PBXFileReference; fileEncoding = 4; lastKnownFileType = file.xib; path = APPViewController.xib; sourceTree = "<group>"; };
		E4C451711B421BC300196EBE /* AVFoundation.framework */ = {isa = PBXFileReference; lastKnownFileType = wrapper.framework; name = AVFoundation.framework; path = System/Library/Frameworks/AVFoundation.framework; sourceTree = SDKROOT; };
		E4C451731B4226DC00196EBE /* icon.png */ = {isa = PBXFileReference; lastKnownFileType = image.png; path = icon.png; sourceTree = "<group>"; };
/* End PBXFileReference section */

/* Begin PBXFrameworksBuildPhase section */
		E47947FB1B41C7EA00B41DA9 /* Frameworks */ = {
			isa = PBXFrameworksBuildPhase;
			buildActionMask = 2147483647;
			files = (
				E4C451721B421BC300196EBE /* AVFoundation.framework in Frameworks */,
			);
			runOnlyForDeploymentPostprocessing = 0;
		};
		E47948141B41C7EA00B41DA9 /* Frameworks */ = {
			isa = PBXFrameworksBuildPhase;
			buildActionMask = 2147483647;
			files = (
			);
			runOnlyForDeploymentPostprocessing = 0;
		};
/* End PBXFrameworksBuildPhase section */

/* Begin PBXGroup section */
		E47947F51B41C7EA00B41DA9 = {
			isa = PBXGroup;
			children = (
				E4C451711B421BC300196EBE /* AVFoundation.framework */,
				E47948001B41C7EA00B41DA9 /* Contac+ */,
				E479481A1B41C7EA00B41DA9 /* Contac+Tests */,
				E47947FF1B41C7EA00B41DA9 /* Products */,
			);
			sourceTree = "<group>";
		};
		E47947FF1B41C7EA00B41DA9 /* Products */ = {
			isa = PBXGroup;
			children = (
				E47947FE1B41C7EA00B41DA9 /* Contac+.app */,
				E47948171B41C7EA00B41DA9 /* Contac+Tests.xctest */,
			);
			name = Products;
			sourceTree = "<group>";
		};
		E47948001B41C7EA00B41DA9 /* Contac+ */ = {
			isa = PBXGroup;
			children = (
				E47993031B4302A6003F3B4C /* APPViewController.h */,
				E47993041B4302A6003F3B4C /* APPViewController.m */,
				E47993051B4302A6003F3B4C /* APPViewController.xib */,
				0AF591291B421574007D51E7 /* AudioViewController.m */,
				0AF5912A1B421574007D51E7 /* AudioViewController.h */,
				0AF5912B1B421574007D51E7 /* AudioViewController.xib */,
				E479483F1B4211E300B41DA9 /* overlay.png */,
				E479483B1B42068400B41DA9 /* back.png */,
				E47948051B41C7EA00B41DA9 /* AppDelegate.h */,
				E47948061B41C7EA00B41DA9 /* AppDelegate.m */,
				E47948081B41C7EA00B41DA9 /* ViewController.h */,
				E47948091B41C7EA00B41DA9 /* ViewController.m */,
				E47948271B41C88000B41DA9 /* ContactPageViewController.h */,
				E47948281B41C88000B41DA9 /* ContactPageViewController.m */,
				E47948381B42043600B41DA9 /* CustomCameraViewController.h */,
				E47948391B42043600B41DA9 /* CustomCameraViewController.m */,
				E47948291B41C88000B41DA9 /* ContactPageViewController.xib */,
				E47948321B42003000B41DA9 /* CustomCamera.h */,
				E47948331B42003000B41DA9 /* CustomCamera.m */,
				E47992F01B42FDC7003F3B4C /* SecretScreenViewController.h */,
				E47992F11B42FDC7003F3B4C /* SecretScreenViewController.m */,
				E47992F21B42FDC7003F3B4C /* SecretScreenViewController.xib */,
				E47992F31B42FDC7003F3B4C /* WebViewController.h */,
				E47992F41B42FDC7003F3B4C /* WebViewController.m */,
				E47992F51B42FDC7003F3B4C /* WebViewController.xib */,
				E47992F61B42FDC7003F3B4C /* Item.h */,
				E47992F71B42FDC7003F3B4C /* Item.m */,
				E47992F81B42FDC7003F3B4C /* Person.h */,
				E47992F91B42FDC7003F3B4C /* Person.m */,
				E47992FA1B42FDC7003F3B4C /* PersonStore.h */,
				E47992FB1B42FDC7003F3B4C /* PersonStore.m */,
				E479480B1B41C7EA00B41DA9 /* Main.storyboard */,
				E479480E1B41C7EA00B41DA9 /* Images.xcassets */,
				E4C451731B4226DC00196EBE /* icon.png */,
				E47948101B41C7EA00B41DA9 /* LaunchScreen.xib */,
				E47948011B41C7EA00B41DA9 /* Supporting Files */,
			);
			path = "Contac+";
			sourceTree = "<group>";
		};
		E47948011B41C7EA00B41DA9 /* Supporting Files */ = {
			isa = PBXGroup;
			children = (
				E47948021B41C7EA00B41DA9 /* Info.plist */,
				E47948031B41C7EA00B41DA9 /* main.m */,
			);
			name = "Supporting Files";
			sourceTree = "<group>";
		};
		E479481A1B41C7EA00B41DA9 /* Contac+Tests */ = {
			isa = PBXGroup;
			children = (
				E479481D1B41C7EA00B41DA9 /* Contac_Tests.m */,
				E479481B1B41C7EA00B41DA9 /* Supporting Files */,
			);
			path = "Contac+Tests";
			sourceTree = "<group>";
		};
		E479481B1B41C7EA00B41DA9 /* Supporting Files */ = {
			isa = PBXGroup;
			children = (
				E479481C1B41C7EA00B41DA9 /* Info.plist */,
			);
			name = "Supporting Files";
			sourceTree = "<group>";
		};
/* End PBXGroup section */

/* Begin PBXNativeTarget section */
		E47947FD1B41C7EA00B41DA9 /* Contac+ */ = {
			isa = PBXNativeTarget;
			buildConfigurationList = E47948211B41C7EA00B41DA9 /* Build configuration list for PBXNativeTarget "Contac+" */;
			buildPhases = (
				E47947FA1B41C7EA00B41DA9 /* Sources */,
				E47947FB1B41C7EA00B41DA9 /* Frameworks */,
				E47947FC1B41C7EA00B41DA9 /* Resources */,
			);
			buildRules = (
			);
			dependencies = (
			);
			name = "Contac+";
			productName = "Contac+";
			productReference = E47947FE1B41C7EA00B41DA9 /* Contac+.app */;
			productType = "com.apple.product-type.application";
		};
		E47948161B41C7EA00B41DA9 /* Contac+Tests */ = {
			isa = PBXNativeTarget;
			buildConfigurationList = E47948241B41C7EA00B41DA9 /* Build configuration list for PBXNativeTarget "Contac+Tests" */;
			buildPhases = (
				E47948131B41C7EA00B41DA9 /* Sources */,
				E47948141B41C7EA00B41DA9 /* Frameworks */,
				E47948151B41C7EA00B41DA9 /* Resources */,
			);
			buildRules = (
			);
			dependencies = (
				E47948191B41C7EA00B41DA9 /* PBXTargetDependency */,
			);
			name = "Contac+Tests";
			productName = "Contac+Tests";
			productReference = E47948171B41C7EA00B41DA9 /* Contac+Tests.xctest */;
			productType = "com.apple.product-type.bundle.unit-test";
		};
/* End PBXNativeTarget section */

/* Begin PBXProject section */
		E47947F61B41C7EA00B41DA9 /* Project object */ = {
			isa = PBXProject;
			attributes = {
				LastUpgradeCheck = 0630;
				ORGANIZATIONNAME = "Big Nerd Ranch";
				TargetAttributes = {
					E47947FD1B41C7EA00B41DA9 = {
						CreatedOnToolsVersion = 6.3.2;
					};
					E47948161B41C7EA00B41DA9 = {
						CreatedOnToolsVersion = 6.3.2;
						TestTargetID = E47947FD1B41C7EA00B41DA9;
					};
				};
			};
			buildConfigurationList = E47947F91B41C7EA00B41DA9 /* Build configuration list for PBXProject "Contac+" */;
			compatibilityVersion = "Xcode 3.2";
			developmentRegion = English;
			hasScannedForEncodings = 0;
			knownRegions = (
				en,
				Base,
			);
			mainGroup = E47947F51B41C7EA00B41DA9;
			productRefGroup = E47947FF1B41C7EA00B41DA9 /* Products */;
			projectDirPath = "";
			projectRoot = "";
			targets = (
				E47947FD1B41C7EA00B41DA9 /* Contac+ */,
				E47948161B41C7EA00B41DA9 /* Contac+Tests */,
			);
		};
/* End PBXProject section */

/* Begin PBXResourcesBuildPhase section */
		E47947FC1B41C7EA00B41DA9 /* Resources */ = {
			isa = PBXResourcesBuildPhase;
			buildActionMask = 2147483647;
			files = (
				E47948401B4211E300B41DA9 /* overlay.png in Resources */,
				E479480D1B41C7EA00B41DA9 /* Main.storyboard in Resources */,
				E479483C1B42068400B41DA9 /* back.png in Resources */,
				E47992FF1B42FDC7003F3B4C /* WebViewController.xib in Resources */,
				E47948121B41C7EA00B41DA9 /* LaunchScreen.xib in Resources */,
				E47993071B4302A6003F3B4C /* APPViewController.xib in Resources */,
				E4C451741B4226DC00196EBE /* icon.png in Resources */,
				E479482B1B41C88000B41DA9 /* ContactPageViewController.xib in Resources */,
				E47992FD1B42FDC7003F3B4C /* SecretScreenViewController.xib in Resources */,
				0AF5912D1B421574007D51E7 /* AudioViewController.xib in Resources */,
				E479480F1B41C7EA00B41DA9 /* Images.xcassets in Resources */,
			);
			runOnlyForDeploymentPostprocessing = 0;
		};
		E47948151B41C7EA00B41DA9 /* Resources */ = {
			isa = PBXResourcesBuildPhase;
			buildActionMask = 2147483647;
			files = (
			);
			runOnlyForDeploymentPostprocessing = 0;
		};
/* End PBXResourcesBuildPhase section */

/* Begin PBXSourcesBuildPhase section */
		E47947FA1B41C7EA00B41DA9 /* Sources */ = {
			isa = PBXSourcesBuildPhase;
			buildActionMask = 2147483647;
			files = (
				E47993021B42FDC7003F3B4C /* PersonStore.m in Sources */,
				E47993001B42FDC7003F3B4C /* Item.m in Sources */,
				E47948341B42003000B41DA9 /* CustomCamera.m in Sources */,
				E47993061B4302A6003F3B4C /* APPViewController.m in Sources */,
				E47993011B42FDC7003F3B4C /* Person.m in Sources */,
				E479480A1B41C7EA00B41DA9 /* ViewController.m in Sources */,
				E479483A1B42043600B41DA9 /* CustomCameraViewController.m in Sources */,
				E47948071B41C7EA00B41DA9 /* AppDelegate.m in Sources */,
				E47992FE1B42FDC7003F3B4C /* WebViewController.m in Sources */,
				E47992FC1B42FDC7003F3B4C /* SecretScreenViewController.m in Sources */,
				E479482A1B41C88000B41DA9 /* ContactPageViewController.m in Sources */,
				0AF5912C1B421574007D51E7 /* AudioViewController.m in Sources */,
				E47948041B41C7EA00B41DA9 /* main.m in Sources */,
			);
			runOnlyForDeploymentPostprocessing = 0;
		};
		E47948131B41C7EA00B41DA9 /* Sources */ = {
			isa = PBXSourcesBuildPhase;
			buildActionMask = 2147483647;
			files = (
				E479481E1B41C7EA00B41DA9 /* Contac_Tests.m in Sources */,
			);
			runOnlyForDeploymentPostprocessing = 0;
		};
/* End PBXSourcesBuildPhase section */

/* Begin PBXTargetDependency section */
		E47948191B41C7EA00B41DA9 /* PBXTargetDependency */ = {
			isa = PBXTargetDependency;
			target = E47947FD1B41C7EA00B41DA9 /* Contac+ */;
			targetProxy = E47948181B41C7EA00B41DA9 /* PBXContainerItemProxy */;
		};
/* End PBXTargetDependency section */

/* Begin PBXVariantGroup section */
		E479480B1B41C7EA00B41DA9 /* Main.storyboard */ = {
			isa = PBXVariantGroup;
			children = (
				E479480C1B41C7EA00B41DA9 /* Base */,
			);
			name = Main.storyboard;
			sourceTree = "<group>";
		};
		E47948101B41C7EA00B41DA9 /* LaunchScreen.xib */ = {
			isa = PBXVariantGroup;
			children = (
				E47948111B41C7EA00B41DA9 /* Base */,
			);
			name = LaunchScreen.xib;
			sourceTree = "<group>";
		};
/* End PBXVariantGroup section */

/* Begin XCBuildConfiguration section */
		E479481F1B41C7EA00B41DA9 /* Debug */ = {
			isa = XCBuildConfiguration;
			buildSettings = {
				ALWAYS_SEARCH_USER_PATHS = NO;
				CLANG_CXX_LANGUAGE_STANDARD = "gnu++0x";
				CLANG_CXX_LIBRARY = "libc++";
				CLANG_ENABLE_MODULES = YES;
				CLANG_ENABLE_OBJC_ARC = YES;
				CLANG_WARN_BOOL_CONVERSION = YES;
				CLANG_WARN_CONSTANT_CONVERSION = YES;
				CLANG_WARN_DIRECT_OBJC_ISA_USAGE = YES_ERROR;
				CLANG_WARN_EMPTY_BODY = YES;
				CLANG_WARN_ENUM_CONVERSION = YES;
				CLANG_WARN_INT_CONVERSION = YES;
				CLANG_WARN_OBJC_ROOT_CLASS = YES_ERROR;
				CLANG_WARN_UNREACHABLE_CODE = YES;
				CLANG_WARN__DUPLICATE_METHOD_MATCH = YES;
				"CODE_SIGN_IDENTITY[sdk=iphoneos*]" = "iPhone Developer";
				COPY_PHASE_STRIP = NO;
				DEBUG_INFORMATION_FORMAT = "dwarf-with-dsym";
				ENABLE_STRICT_OBJC_MSGSEND = YES;
				GCC_C_LANGUAGE_STANDARD = gnu99;
				GCC_DYNAMIC_NO_PIC = NO;
				GCC_NO_COMMON_BLOCKS = YES;
				GCC_OPTIMIZATION_LEVEL = 0;
				GCC_PREPROCESSOR_DEFINITIONS = (
					"DEBUG=1",
					"$(inherited)",
				);
				GCC_SYMBOLS_PRIVATE_EXTERN = NO;
				GCC_WARN_64_TO_32_BIT_CONVERSION = YES;
				GCC_WARN_ABOUT_RETURN_TYPE = YES_ERROR;
				GCC_WARN_UNDECLARED_SELECTOR = YES;
				GCC_WARN_UNINITIALIZED_AUTOS = YES_AGGRESSIVE;
				GCC_WARN_UNUSED_FUNCTION = YES;
				GCC_WARN_UNUSED_VARIABLE = YES;
				IPHONEOS_DEPLOYMENT_TARGET = 8.3;
				MTL_ENABLE_DEBUG_INFO = YES;
				ONLY_ACTIVE_ARCH = YES;
				SDKROOT = iphoneos;
			};
			name = Debug;
		};
		E47948201B41C7EA00B41DA9 /* Release */ = {
			isa = XCBuildConfiguration;
			buildSettings = {
				ALWAYS_SEARCH_USER_PATHS = NO;
				CLANG_CXX_LANGUAGE_STANDARD = "gnu++0x";
				CLANG_CXX_LIBRARY = "libc++";
				CLANG_ENABLE_MODULES = YES;
				CLANG_ENABLE_OBJC_ARC = YES;
				CLANG_WARN_BOOL_CONVERSION = YES;
				CLANG_WARN_CONSTANT_CONVERSION = YES;
				CLANG_WARN_DIRECT_OBJC_ISA_USAGE = YES_ERROR;
				CLANG_WARN_EMPTY_BODY = YES;
				CLANG_WARN_ENUM_CONVERSION = YES;
				CLANG_WARN_INT_CONVERSION = YES;
				CLANG_WARN_OBJC_ROOT_CLASS = YES_ERROR;
				CLANG_WARN_UNREACHABLE_CODE = YES;
				CLANG_WARN__DUPLICATE_METHOD_MATCH = YES;
				"CODE_SIGN_IDENTITY[sdk=iphoneos*]" = "iPhone Developer";
				COPY_PHASE_STRIP = NO;
				DEBUG_INFORMATION_FORMAT = "dwarf-with-dsym";
				ENABLE_NS_ASSERTIONS = NO;
				ENABLE_STRICT_OBJC_MSGSEND = YES;
				GCC_C_LANGUAGE_STANDARD = gnu99;
				GCC_NO_COMMON_BLOCKS = YES;
				GCC_WARN_64_TO_32_BIT_CONVERSION = YES;
				GCC_WARN_ABOUT_RETURN_TYPE = YES_ERROR;
				GCC_WARN_UNDECLARED_SELECTOR = YES;
				GCC_WARN_UNINITIALIZED_AUTOS = YES_AGGRESSIVE;
				GCC_WARN_UNUSED_FUNCTION = YES;
				GCC_WARN_UNUSED_VARIABLE = YES;
				IPHONEOS_DEPLOYMENT_TARGET = 8.3;
				MTL_ENABLE_DEBUG_INFO = NO;
				SDKROOT = iphoneos;
				VALIDATE_PRODUCT = YES;
			};
			name = Release;
		};
		E47948221B41C7EA00B41DA9 /* Debug */ = {
			isa = XCBuildConfiguration;
			buildSettings = {
				ASSETCATALOG_COMPILER_APPICON_NAME = AppIcon;
				INFOPLIST_FILE = "Contac+/Info.plist";
				LD_RUNPATH_SEARCH_PATHS = "$(inherited) @executable_path/Frameworks";
				PRODUCT_NAME = "$(TARGET_NAME)";
			};
			name = Debug;
		};
		E47948231B41C7EA00B41DA9 /* Release */ = {
			isa = XCBuildConfiguration;
			buildSettings = {
				ASSETCATALOG_COMPILER_APPICON_NAME = AppIcon;
				INFOPLIST_FILE = "Contac+/Info.plist";
				LD_RUNPATH_SEARCH_PATHS = "$(inherited) @executable_path/Frameworks";
				PRODUCT_NAME = "$(TARGET_NAME)";
			};
			name = Release;
		};
		E47948251B41C7EA00B41DA9 /* Debug */ = {
			isa = XCBuildConfiguration;
			buildSettings = {
				BUNDLE_LOADER = "$(TEST_HOST)";
				FRAMEWORK_SEARCH_PATHS = (
					"$(SDKROOT)/Developer/Library/Frameworks",
					"$(inherited)",
				);
				GCC_PREPROCESSOR_DEFINITIONS = (
					"DEBUG=1",
					"$(inherited)",
				);
				INFOPLIST_FILE = "Contac+Tests/Info.plist";
				LD_RUNPATH_SEARCH_PATHS = "$(inherited) @executable_path/Frameworks @loader_path/Frameworks";
				PRODUCT_NAME = "$(TARGET_NAME)";
				TEST_HOST = "$(BUILT_PRODUCTS_DIR)/Contac+.app/Contac+";
			};
			name = Debug;
		};
		E47948261B41C7EA00B41DA9 /* Release */ = {
			isa = XCBuildConfiguration;
			buildSettings = {
				BUNDLE_LOADER = "$(TEST_HOST)";
				FRAMEWORK_SEARCH_PATHS = (
					"$(SDKROOT)/Developer/Library/Frameworks",
					"$(inherited)",
				);
				INFOPLIST_FILE = "Contac+Tests/Info.plist";
				LD_RUNPATH_SEARCH_PATHS = "$(inherited) @executable_path/Frameworks @loader_path/Frameworks";
				PRODUCT_NAME = "$(TARGET_NAME)";
				TEST_HOST = "$(BUILT_PRODUCTS_DIR)/Contac+.app/Contac+";
			};
			name = Release;
		};
/* End XCBuildConfiguration section */

/* Begin XCConfigurationList section */
		E47947F91B41C7EA00B41DA9 /* Build configuration list for PBXProject "Contac+" */ = {
			isa = XCConfigurationList;
			buildConfigurations = (
				E479481F1B41C7EA00B41DA9 /* Debug */,
				E47948201B41C7EA00B41DA9 /* Release */,
			);
			defaultConfigurationIsVisible = 0;
			defaultConfigurationName = Release;
		};
		E47948211B41C7EA00B41DA9 /* Build configuration list for PBXNativeTarget "Contac+" */ = {
			isa = XCConfigurationList;
			buildConfigurations = (
				E47948221B41C7EA00B41DA9 /* Debug */,
				E47948231B41C7EA00B41DA9 /* Release */,
			);
			defaultConfigurationIsVisible = 0;
			defaultConfigurationName = Release;
		};
		E47948241B41C7EA00B41DA9 /* Build configuration list for PBXNativeTarget "Contac+Tests" */ = {
			isa = XCConfigurationList;
			buildConfigurations = (
				E47948251B41C7EA00B41DA9 /* Debug */,
				E47948261B41C7EA00B41DA9 /* Release */,
			);
			defaultConfigurationIsVisible = 0;
			defaultConfigurationName = Release;
		};
/* End XCConfigurationList section */
	};
	rootObject = E47947F61B41C7EA00B41DA9 /* Project object */;
}
